
Microsoft Visual Studio Solution File, Format Version 12.00
# Visual Studio Version 16
VisualStudioVersion = 16.0.30517.126
MinimumVisualStudioVersion = 10.0.40219.1
Project("{FAE04EC0-301F-11D3-BF4B-00C04F79EFBC}") = "Maquina_de_Cafe_Virtual", "Maquina_de_Cafe_Virtual\Maquina_de_Cafe_Virtual.csproj", "{6E9AA5CB-8C07-437A-89FB-E8CA48C6FE94}"
EndProject
Global
	GlobalSection(SolutionConfigurationPlatforms) = preSolution
		Debug|Any CPU = Debug|Any CPU
		Release|Any CPU = Release|Any CPU
	EndGlobalSection
	GlobalSection(ProjectConfigurationPlatforms) = postSolution
		{6E9AA5CB-8C07-437A-89FB-E8CA48C6FE94}.Debug|Any CPU.ActiveCfg = Debug|Any CPU
		{6E9AA5CB-8C07-437A-89FB-E8CA48C6FE94}.Debug|Any CPU.Build.0 = Debug|Any CPU
		{6E9AA5CB-8C07-437A-89FB-E8CA48C6FE94}.Release|Any CPU.ActiveCfg = Release|Any CPU
		{6E9AA5CB-8C07-437A-89FB-E8CA48C6FE94}.Release|Any CPU.Build.0 = Release|Any CPU
	EndGlobalSection
	GlobalSection(SolutionProperties) = preSolution
		HideSolutionNode = FALSE
	EndGlobalSection
	GlobalSection(ExtensibilityGlobals) = postSolution
		SolutionGuid = {622FB27E-72AB-431A-B312-E9A1998082F9}
	EndGlobalSection
EndGlobal
